
Microsoft Visual Studio Solution File, Format Version 12.00
# Visual Studio Version 17
VisualStudioVersion = 17.4.33403.182
MinimumVisualStudioVersion = 10.0.40219.1
Project("{9A19103F-16F7-4668-BE54-9A1E7A4F7556}") = "Student Registration System_3956_4119", "Student Registration System_3956_4119.csproj", "{0DE3CFAD-8EB2-468B-A900-3E3A12FA9BE2}"
EndProject
Project("{FAE04EC0-301F-11D3-BF4B-00C04F79EFBC}") = "Student_Registration.Tests", "..\Student_Registration.Tests\Student_Registration.Tests.csproj", "{5006495F-2008-4538-8819-0994CA349DC7}"
EndProject
Global
	GlobalSection(SolutionConfigurationPlatforms) = preSolution
		Debug|Any CPU = Debug|Any CPU
		Release|Any CPU = Release|Any CPU
	EndGlobalSection
	GlobalSection(ProjectConfigurationPlatforms) = postSolution
		{0DE3CFAD-8EB2-468B-A900-3E3A12FA9BE2}.Debug|Any CPU.ActiveCfg = Debug|Any CPU
		{0DE3CFAD-8EB2-468B-A900-3E3A12FA9BE2}.Debug|Any CPU.Build.0 = Debug|Any CPU
		{0DE3CFAD-8EB2-468B-A900-3E3A12FA9BE2}.Release|Any CPU.ActiveCfg = Release|Any CPU
		{0DE3CFAD-8EB2-468B-A900-3E3A12FA9BE2}.Release|Any CPU.Build.0 = Release|Any CPU
		{5006495F-2008-4538-8819-0994CA349DC7}.Debug|Any CPU.ActiveCfg = Debug|Any CPU
		{5006495F-2008-4538-8819-0994CA349DC7}.Debug|Any CPU.Build.0 = Debug|Any CPU
		{5006495F-2008-4538-8819-0994CA349DC7}.Release|Any CPU.ActiveCfg = Release|Any CPU
		{5006495F-2008-4538-8819-0994CA349DC7}.Release|Any CPU.Build.0 = Release|Any CPU
	EndGlobalSection
	GlobalSection(SolutionProperties) = preSolution
		HideSolutionNode = FALSE
	EndGlobalSection
	GlobalSection(ExtensibilityGlobals) = postSolution
		SolutionGuid = {3CF64A59-AE56-43F8-89E0-EDEE67ADAB50}
	EndGlobalSection
EndGlobal
